
Microsoft Visual Studio Solution File, Format Version 12.00
# Visual Studio Version 16
VisualStudioVersion = 16.0.28917.181
MinimumVisualStudioVersion = 10.0.40219.1
Project("{9A19103F-16F7-4668-BE54-9A1E7A4F7556}") = "AutoDarkModeSvc", "AutoDarkModeSvc\AutoDarkModeSvc.csproj", "{1C1B1519-1F29-460E-ACE6-1223699CA807}"
EndProject
Project("{9A19103F-16F7-4668-BE54-9A1E7A4F7556}") = "AutoDarkModeApp", "AutoDarkModeApp\AutoDarkModeApp.csproj", "{2D03DA28-00D3-4EC3-85DC-C46564FB3F8A}"
EndProject
Global
	GlobalSection(SolutionConfigurationPlatforms) = preSolution
		Debug|Any CPU = Debug|Any CPU
		Debug|ARM = Debug|ARM
		Debug|ARM64 = Debug|ARM64
		Debug|x64 = Debug|x64
		Debug|x86 = Debug|x86
		Release|Any CPU = Release|Any CPU
		Release|ARM = Release|ARM
		Release|ARM64 = Release|ARM64
		Release|x64 = Release|x64
		Release|x86 = Release|x86
	EndGlobalSection
	GlobalSection(ProjectConfigurationPlatforms) = postSolution
		{1C1B1519-1F29-460E-ACE6-1223699CA807}.Debug|Any CPU.ActiveCfg = Debug|Any CPU
		{1C1B1519-1F29-460E-ACE6-1223699CA807}.Debug|Any CPU.Build.0 = Debug|Any CPU
		{1C1B1519-1F29-460E-ACE6-1223699CA807}.Debug|ARM.ActiveCfg = Debug|Any CPU
		{1C1B1519-1F29-460E-ACE6-1223699CA807}.Debug|ARM.Build.0 = Debug|Any CPU
		{1C1B1519-1F29-460E-ACE6-1223699CA807}.Debug|ARM64.ActiveCfg = Debug|Any CPU
		{1C1B1519-1F29-460E-ACE6-1223699CA807}.Debug|ARM64.Build.0 = Debug|Any CPU
		{1C1B1519-1F29-460E-ACE6-1223699CA807}.Debug|x64.ActiveCfg = Release|Any CPU
		{1C1B1519-1F29-460E-ACE6-1223699CA807}.Debug|x64.Build.0 = Release|Any CPU
		{1C1B1519-1F29-460E-ACE6-1223699CA807}.Debug|x86.ActiveCfg = Debug|Any CPU
		{1C1B1519-1F29-460E-ACE6-1223699CA807}.Debug|x86.Build.0 = Debug|Any CPU
		{1C1B1519-1F29-460E-ACE6-1223699CA807}.Release|Any CPU.ActiveCfg = Release|Any CPU
		{1C1B1519-1F29-460E-ACE6-1223699CA807}.Release|Any CPU.Build.0 = Release|Any CPU
		{1C1B1519-1F29-460E-ACE6-1223699CA807}.Release|ARM.ActiveCfg = Release|Any CPU
		{1C1B1519-1F29-460E-ACE6-1223699CA807}.Release|ARM.Build.0 = Release|Any CPU
		{1C1B1519-1F29-460E-ACE6-1223699CA807}.Release|ARM64.ActiveCfg = Release|Any CPU
		{1C1B1519-1F29-460E-ACE6-1223699CA807}.Release|ARM64.Build.0 = Release|Any CPU
		{1C1B1519-1F29-460E-ACE6-1223699CA807}.Release|x64.ActiveCfg = Release|Any CPU
		{1C1B1519-1F29-460E-ACE6-1223699CA807}.Release|x64.Build.0 = Release|Any CPU
		{1C1B1519-1F29-460E-ACE6-1223699CA807}.Release|x86.ActiveCfg = Release|Any CPU
		{1C1B1519-1F29-460E-ACE6-1223699CA807}.Release|x86.Build.0 = Release|Any CPU
		{2D03DA28-00D3-4EC3-85DC-C46564FB3F8A}.Debug|Any CPU.ActiveCfg = Debug|Any CPU
		{2D03DA28-00D3-4EC3-85DC-C46564FB3F8A}.Debug|Any CPU.Build.0 = Debug|Any CPU
		{2D03DA28-00D3-4EC3-85DC-C46564FB3F8A}.Debug|ARM.ActiveCfg = Debug|Any CPU
		{2D03DA28-00D3-4EC3-85DC-C46564FB3F8A}.Debug|ARM.Build.0 = Debug|Any CPU
		{2D03DA28-00D3-4EC3-85DC-C46564FB3F8A}.Debug|ARM64.ActiveCfg = Debug|Any CPU
		{2D03DA28-00D3-4EC3-85DC-C46564FB3F8A}.Debug|ARM64.Build.0 = Debug|Any CPU
		{2D03DA28-00D3-4EC3-85DC-C46564FB3F8A}.Debug|x64.ActiveCfg = Release|Any CPU
		{2D03DA28-00D3-4EC3-85DC-C46564FB3F8A}.Debug|x64.Build.0 = Release|Any CPU
		{2D03DA28-00D3-4EC3-85DC-C46564FB3F8A}.Debug|x86.ActiveCfg = Debug|Any CPU
		{2D03DA28-00D3-4EC3-85DC-C46564FB3F8A}.Debug|x86.Build.0 = Debug|Any CPU
		{2D03DA28-00D3-4EC3-85DC-C46564FB3F8A}.Release|Any CPU.ActiveCfg = Release|Any CPU
		{2D03DA28-00D3-4EC3-85DC-C46564FB3F8A}.Release|Any CPU.Build.0 = Release|Any CPU
		{2D03DA28-00D3-4EC3-85DC-C46564FB3F8A}.Release|ARM.ActiveCfg = Release|Any CPU
		{2D03DA28-00D3-4EC3-85DC-C46564FB3F8A}.Release|ARM.Build.0 = Release|Any CPU
		{2D03DA28-00D3-4EC3-85DC-C46564FB3F8A}.Release|ARM64.ActiveCfg = Release|Any CPU
		{2D03DA28-00D3-4EC3-85DC-C46564FB3F8A}.Release|ARM64.Build.0 = Release|Any CPU
		{2D03DA28-00D3-4EC3-85DC-C46564FB3F8A}.Release|x64.ActiveCfg = Release|Any CPU
		{2D03DA28-00D3-4EC3-85DC-C46564FB3F8A}.Release|x64.Build.0 = Release|Any CPU
		{2D03DA28-00D3-4EC3-85DC-C46564FB3F8A}.Release|x86.ActiveCfg = Release|Any CPU
		{2D03DA28-00D3-4EC3-85DC-C46564FB3F8A}.Release|x86.Build.0 = Release|Any CPU
	EndGlobalSection
	GlobalSection(SolutionProperties) = preSolution
		HideSolutionNode = FALSE
	EndGlobalSection
	GlobalSection(ExtensibilityGlobals) = postSolution
		SolutionGuid = {7E573E99-AB39-4B49-83F0-819F5D274AEC}
	EndGlobalSection
EndGlobal
