
Microsoft Visual Studio Solution File, Format Version 12.00
# Visual Studio Version 17
VisualStudioVersion = 17.0.32112.339
MinimumVisualStudioVersion = 10.0.40219.1
Project("{9A19103F-16F7-4668-BE54-9A1E7A4F7556}") = "AutoDarkModeSvc", "AutoDarkModeSvc\AutoDarkModeSvc.csproj", "{1C1B1519-1F29-460E-ACE6-1223699CA807}"
	ProjectSection(ProjectDependencies) = postProject
		{044D739A-2A81-4B51-9D4A-30057A1935E2} = {044D739A-2A81-4B51-9D4A-30057A1935E2}
	EndProjectSection
EndProject
Project("{9A19103F-16F7-4668-BE54-9A1E7A4F7556}") = "AutoDarkModeApp", "AutoDarkModeApp\AutoDarkModeApp.csproj", "{2D03DA28-00D3-4EC3-85DC-C46564FB3F8A}"
	ProjectSection(ProjectDependencies) = postProject
		{044D739A-2A81-4B51-9D4A-30057A1935E2} = {044D739A-2A81-4B51-9D4A-30057A1935E2}
	EndProjectSection
EndProject
Project("{9A19103F-16F7-4668-BE54-9A1E7A4F7556}") = "AutoDarkModeLib", "AutoDarkModeLib\AutoDarkModeLib.csproj", "{044D739A-2A81-4B51-9D4A-30057A1935E2}"
EndProject
Project("{9A19103F-16F7-4668-BE54-9A1E7A4F7556}") = "AutoDarkModeComms", "AutoDarkModeComms\AutoDarkModeComms.csproj", "{C300F1BA-6280-4ECE-A0C3-7809625BA6AC}"
EndProject
Project("{9A19103F-16F7-4668-BE54-9A1E7A4F7556}") = "AutoDarkModeShell", "AutoDarkModeShell\AutoDarkModeShell.csproj", "{6F2891B5-1A79-4A99-802B-7BEA88C2F6F6}"
EndProject
Global
	GlobalSection(SolutionConfigurationPlatforms) = preSolution
		Debug|Any CPU = Debug|Any CPU
		Debug|ARM64 = Debug|ARM64
		Release|Any CPU = Release|Any CPU
		Release|ARM64 = Release|ARM64
	EndGlobalSection
	GlobalSection(ProjectConfigurationPlatforms) = postSolution
		{1C1B1519-1F29-460E-ACE6-1223699CA807}.Debug|Any CPU.ActiveCfg = Debug|Any CPU
		{1C1B1519-1F29-460E-ACE6-1223699CA807}.Debug|Any CPU.Build.0 = Debug|Any CPU
		{1C1B1519-1F29-460E-ACE6-1223699CA807}.Debug|ARM64.ActiveCfg = Debug|ARM64
		{1C1B1519-1F29-460E-ACE6-1223699CA807}.Debug|ARM64.Build.0 = Debug|ARM64
		{1C1B1519-1F29-460E-ACE6-1223699CA807}.Release|Any CPU.ActiveCfg = Release|Any CPU
		{1C1B1519-1F29-460E-ACE6-1223699CA807}.Release|Any CPU.Build.0 = Release|Any CPU
		{1C1B1519-1F29-460E-ACE6-1223699CA807}.Release|ARM64.ActiveCfg = Release|Any CPU
		{1C1B1519-1F29-460E-ACE6-1223699CA807}.Release|ARM64.Build.0 = Release|Any CPU
		{2D03DA28-00D3-4EC3-85DC-C46564FB3F8A}.Debug|Any CPU.ActiveCfg = Debug|Any CPU
		{2D03DA28-00D3-4EC3-85DC-C46564FB3F8A}.Debug|Any CPU.Build.0 = Debug|Any CPU
		{2D03DA28-00D3-4EC3-85DC-C46564FB3F8A}.Debug|ARM64.ActiveCfg = Debug|ARM64
		{2D03DA28-00D3-4EC3-85DC-C46564FB3F8A}.Debug|ARM64.Build.0 = Debug|ARM64
		{2D03DA28-00D3-4EC3-85DC-C46564FB3F8A}.Release|Any CPU.ActiveCfg = Release|Any CPU
		{2D03DA28-00D3-4EC3-85DC-C46564FB3F8A}.Release|Any CPU.Build.0 = Release|Any CPU
		{2D03DA28-00D3-4EC3-85DC-C46564FB3F8A}.Release|ARM64.ActiveCfg = Release|Any CPU
		{2D03DA28-00D3-4EC3-85DC-C46564FB3F8A}.Release|ARM64.Build.0 = Release|Any CPU
		{044D739A-2A81-4B51-9D4A-30057A1935E2}.Debug|Any CPU.ActiveCfg = Debug|Any CPU
		{044D739A-2A81-4B51-9D4A-30057A1935E2}.Debug|Any CPU.Build.0 = Debug|Any CPU
		{044D739A-2A81-4B51-9D4A-30057A1935E2}.Debug|ARM64.ActiveCfg = Debug|ARM64
		{044D739A-2A81-4B51-9D4A-30057A1935E2}.Debug|ARM64.Build.0 = Debug|ARM64
		{044D739A-2A81-4B51-9D4A-30057A1935E2}.Release|Any CPU.ActiveCfg = Release|Any CPU
		{044D739A-2A81-4B51-9D4A-30057A1935E2}.Release|Any CPU.Build.0 = Release|Any CPU
		{044D739A-2A81-4B51-9D4A-30057A1935E2}.Release|ARM64.ActiveCfg = Release|Any CPU
		{044D739A-2A81-4B51-9D4A-30057A1935E2}.Release|ARM64.Build.0 = Release|Any CPU
		{C300F1BA-6280-4ECE-A0C3-7809625BA6AC}.Debug|Any CPU.ActiveCfg = Debug|Any CPU
		{C300F1BA-6280-4ECE-A0C3-7809625BA6AC}.Debug|Any CPU.Build.0 = Debug|Any CPU
		{C300F1BA-6280-4ECE-A0C3-7809625BA6AC}.Debug|ARM64.ActiveCfg = Debug|ARM64
		{C300F1BA-6280-4ECE-A0C3-7809625BA6AC}.Debug|ARM64.Build.0 = Debug|ARM64
		{C300F1BA-6280-4ECE-A0C3-7809625BA6AC}.Release|Any CPU.ActiveCfg = Release|Any CPU
		{C300F1BA-6280-4ECE-A0C3-7809625BA6AC}.Release|Any CPU.Build.0 = Release|Any CPU
		{C300F1BA-6280-4ECE-A0C3-7809625BA6AC}.Release|ARM64.ActiveCfg = Release|Any CPU
		{C300F1BA-6280-4ECE-A0C3-7809625BA6AC}.Release|ARM64.Build.0 = Release|Any CPU
		{6F2891B5-1A79-4A99-802B-7BEA88C2F6F6}.Debug|Any CPU.ActiveCfg = Debug|Any CPU
		{6F2891B5-1A79-4A99-802B-7BEA88C2F6F6}.Debug|Any CPU.Build.0 = Debug|Any CPU
		{6F2891B5-1A79-4A99-802B-7BEA88C2F6F6}.Debug|ARM64.ActiveCfg = Debug|ARM64
		{6F2891B5-1A79-4A99-802B-7BEA88C2F6F6}.Debug|ARM64.Build.0 = Debug|ARM64
		{6F2891B5-1A79-4A99-802B-7BEA88C2F6F6}.Release|Any CPU.ActiveCfg = Release|Any CPU
		{6F2891B5-1A79-4A99-802B-7BEA88C2F6F6}.Release|Any CPU.Build.0 = Release|Any CPU
		{6F2891B5-1A79-4A99-802B-7BEA88C2F6F6}.Release|ARM64.ActiveCfg = Release|Any CPU
		{6F2891B5-1A79-4A99-802B-7BEA88C2F6F6}.Release|ARM64.Build.0 = Release|Any CPU
	EndGlobalSection
	GlobalSection(SolutionProperties) = preSolution
		HideSolutionNode = FALSE
	EndGlobalSection
	GlobalSection(ExtensibilityGlobals) = postSolution
		SolutionGuid = {7E573E99-AB39-4B49-83F0-819F5D274AEC}
	EndGlobalSection
EndGlobal
