
Microsoft Visual Studio Solution File, Format Version 12.00
# Visual Studio 15
VisualStudioVersion = 15.0.28010.2050
MinimumVisualStudioVersion = 10.0.40219.1
Project("{FAE04EC0-301F-11D3-BF4B-00C04F79EFBC}") = "AutoThemeChanger", "AutoThemeChanger\AutoThemeChanger.csproj", "{2D03DA28-00D3-4EC3-85DC-C46564FB3F8A}"
EndProject
Global
	GlobalSection(SolutionConfigurationPlatforms) = preSolution
		Debug|Any CPU = Debug|Any CPU
		Release|Any CPU = Release|Any CPU
	EndGlobalSection
	GlobalSection(ProjectConfigurationPlatforms) = postSolution
		{2D03DA28-00D3-4EC3-85DC-C46564FB3F8A}.Debug|Any CPU.ActiveCfg = Debug|Any CPU
		{2D03DA28-00D3-4EC3-85DC-C46564FB3F8A}.Debug|Any CPU.Build.0 = Debug|Any CPU
		{2D03DA28-00D3-4EC3-85DC-C46564FB3F8A}.Release|Any CPU.ActiveCfg = Release|Any CPU
		{2D03DA28-00D3-4EC3-85DC-C46564FB3F8A}.Release|Any CPU.Build.0 = Release|Any CPU
	EndGlobalSection
	GlobalSection(SolutionProperties) = preSolution
		HideSolutionNode = FALSE
	EndGlobalSection
	GlobalSection(ExtensibilityGlobals) = postSolution
		SolutionGuid = {7E573E99-AB39-4B49-83F0-819F5D274AEC}
	EndGlobalSection
EndGlobal
