# This file is automatically @generated by Cargo.
# It is not intended for manual editing.
version = 3

[[package]]
name = "bindings"
version = "0.1.0"
dependencies = [
 "windows",
]

[[package]]
name = "const-sha1"
version = "0.2.0"
source = "registry+https://github.com/rust-lang/crates.io-index"
checksum = "fb58b6451e8c2a812ad979ed1d83378caa5e927eef2622017a45f251457c2c9d"

[[package]]
name = "proc-macro2"
version = "1.0.30"
source = "registry+https://github.com/rust-lang/crates.io-index"
checksum = "edc3358ebc67bc8b7fa0c007f945b0b18226f78437d61bec735a9eb96b61ee70"
dependencies = [
 "unicode-xid",
]

[[package]]
name = "quote"
version = "1.0.10"
source = "registry+https://github.com/rust-lang/crates.io-index"
checksum = "38bc8cc6a5f2e3655e0899c1b848643b2562f853f114bfec7be120678e3ace05"
dependencies = [
 "proc-macro2",
]

[[package]]
name = "syn"
version = "1.0.80"
source = "registry+https://github.com/rust-lang/crates.io-index"
checksum = "d010a1623fbd906d51d650a9916aaefc05ffa0e4053ff7fe601167f3e715d194"
dependencies = [
 "proc-macro2",
 "quote",
 "unicode-xid",
]

[[package]]
name = "unicode-xid"
version = "0.2.2"
source = "registry+https://github.com/rust-lang/crates.io-index"
checksum = "8ccb82d61f80a663efe1f787a51b16b5a51e3314d6ac365b08639f52387b33f3"

[[package]]
name = "windows"
version = "0.21.1"
source = "registry+https://github.com/rust-lang/crates.io-index"
checksum = "b8f5f8d2ea79bf690bbee453fd4a1516ae426e5d5c7215d96cc0c3dc134fc4a0"
dependencies = [
 "const-sha1",
 "windows_gen",
 "windows_macros",
 "windows_reader",
]

[[package]]
name = "windows_gen"
version = "0.21.1"
source = "registry+https://github.com/rust-lang/crates.io-index"
checksum = "7e6994f42f8481387778cc608407d6703410672d57f32a66009419d7a18aa912"
dependencies = [
 "windows_quote",
 "windows_reader",
]

[[package]]
name = "windows_macros"
version = "0.21.1"
source = "registry+https://github.com/rust-lang/crates.io-index"
checksum = "81cc2357b1b03c19f056cb0e6d06011f80f54beadb4e36aee2ca98493c7cfc3c"
dependencies = [
 "syn",
 "windows_gen",
 "windows_quote",
 "windows_reader",
]

[[package]]
name = "windows_quote"
version = "0.21.1"
source = "registry+https://github.com/rust-lang/crates.io-index"
checksum = "7cf987b5288c15e1997226848f78f3ed3ef8b78dcfd71a201c8c8684163a7e4d"

[[package]]
name = "windows_reader"
version = "0.21.1"
source = "registry+https://github.com/rust-lang/crates.io-index"
checksum = "237b53e8b40766ea7db5da0d8c6c1442d21d0429f0ee7500d7b5688967bd9d7b"
