# This file is automatically @generated by Cargo.
# It is not intended for manual editing.
version = 3

[[package]]
name = "bindings"
version = "0.1.0"
dependencies = [
 "windows",
]

[[package]]
name = "windows"
version = "0.32.0"
source = "registry+https://github.com/rust-lang/crates.io-index"
checksum = "fbedf6db9096bc2364adce0ae0aa636dcd89f3c3f2cd67947062aaf0ca2a10ec"
dependencies = [
 "windows_aarch64_msvc",
 "windows_i686_gnu",
 "windows_i686_msvc",
 "windows_x86_64_gnu",
 "windows_x86_64_msvc",
]

[[package]]
name = "windows_aarch64_msvc"
version = "0.32.0"
source = "registry+https://github.com/rust-lang/crates.io-index"
checksum = "d8e92753b1c443191654ec532f14c199742964a061be25d77d7a96f09db20bf5"

[[package]]
name = "windows_i686_gnu"
version = "0.32.0"
source = "registry+https://github.com/rust-lang/crates.io-index"
checksum = "6a711c68811799e017b6038e0922cb27a5e2f43a2ddb609fe0b6f3eeda9de615"

[[package]]
name = "windows_i686_msvc"
version = "0.32.0"
source = "registry+https://github.com/rust-lang/crates.io-index"
checksum = "146c11bb1a02615db74680b32a68e2d61f553cc24c4eb5b4ca10311740e44172"

[[package]]
name = "windows_x86_64_gnu"
version = "0.32.0"
source = "registry+https://github.com/rust-lang/crates.io-index"
checksum = "c912b12f7454c6620635bbff3450962753834be2a594819bd5e945af18ec64bc"

[[package]]
name = "windows_x86_64_msvc"
version = "0.32.0"
source = "registry+https://github.com/rust-lang/crates.io-index"
checksum = "504a2476202769977a040c6364301a3f65d0cc9e3fb08600b2bda150a0488316"
